
Microsoft Visual Studio Solution File, Format Version 12.00
# Visual Studio Version 16
VisualStudioVersion = 16.0.29102.190
MinimumVisualStudioVersion = 10.0.40219.1
Project("{FAE04EC0-301F-11D3-BF4B-00C04F79EFBC}") = "De1Win10", "De1Win10.csproj", "{A112EA3B-DEA8-5F7F-A2FC-2349FF750910}"
EndProject
Project("{2150E333-8FDC-42A3-9474-1A3956D46DE8}") = "Solution Items", "Solution Items", "{71A5F2C7-ED34-47BA-975F-7AA9A53B8F6F}"
	ProjectSection(SolutionItems) = preProject
		.editorconfig = .editorconfig
	EndProjectSection
EndProject
Global
	GlobalSection(SolutionConfigurationPlatforms) = preSolution
		Debug|x86 = Debug|x86
		Release|x86 = Release|x86
	EndGlobalSection
	GlobalSection(ProjectConfigurationPlatforms) = postSolution
		{A112EA3B-DEA8-5F7F-A2FC-2349FF750910}.Debug|x86.ActiveCfg = Debug|x86
		{A112EA3B-DEA8-5F7F-A2FC-2349FF750910}.Debug|x86.Build.0 = Debug|x86
		{A112EA3B-DEA8-5F7F-A2FC-2349FF750910}.Debug|x86.Deploy.0 = Debug|x86
		{A112EA3B-DEA8-5F7F-A2FC-2349FF750910}.Release|x86.ActiveCfg = Release|x86
		{A112EA3B-DEA8-5F7F-A2FC-2349FF750910}.Release|x86.Build.0 = Release|x86
		{A112EA3B-DEA8-5F7F-A2FC-2349FF750910}.Release|x86.Deploy.0 = Release|x86
	EndGlobalSection
	GlobalSection(SolutionProperties) = preSolution
		HideSolutionNode = FALSE
	EndGlobalSection
	GlobalSection(ExtensibilityGlobals) = postSolution
		SolutionGuid = {8587784A-D351-43BF-8C75-41795E8C801D}
	EndGlobalSection
EndGlobal
